
Microsoft Visual Studio Solution File, Format Version 12.00
# Visual Studio Version 17
VisualStudioVersion = 17.5.33530.505
MinimumVisualStudioVersion = 10.0.40219.1
Project("{FAE04EC0-301F-11D3-BF4B-00C04F79EFBC}") = "API", "API\API.csproj", "{FABA808B-294E-4821-AD5C-25CDA5FEC358}"
EndProject
Project("{FAE04EC0-301F-11D3-BF4B-00C04F79EFBC}") = "DAL", "DAL\DAL.csproj", "{337FFB07-486F-4787-907A-76B0ADF6ED92}"
EndProject
Project("{FAE04EC0-301F-11D3-BF4B-00C04F79EFBC}") = "BLL", "BLL\BLL.csproj", "{3CF680DC-13D5-4118-A9F5-8856CB63366F}"
EndProject
Global
	GlobalSection(SolutionConfigurationPlatforms) = preSolution
		Debug|Any CPU = Debug|Any CPU
		Release|Any CPU = Release|Any CPU
	EndGlobalSection
	GlobalSection(ProjectConfigurationPlatforms) = postSolution
		{FABA808B-294E-4821-AD5C-25CDA5FEC358}.Debug|Any CPU.ActiveCfg = Debug|Any CPU
		{FABA808B-294E-4821-AD5C-25CDA5FEC358}.Debug|Any CPU.Build.0 = Debug|Any CPU
		{FABA808B-294E-4821-AD5C-25CDA5FEC358}.Release|Any CPU.ActiveCfg = Release|Any CPU
		{FABA808B-294E-4821-AD5C-25CDA5FEC358}.Release|Any CPU.Build.0 = Release|Any CPU
		{337FFB07-486F-4787-907A-76B0ADF6ED92}.Debug|Any CPU.ActiveCfg = Debug|Any CPU
		{337FFB07-486F-4787-907A-76B0ADF6ED92}.Debug|Any CPU.Build.0 = Debug|Any CPU
		{337FFB07-486F-4787-907A-76B0ADF6ED92}.Release|Any CPU.ActiveCfg = Release|Any CPU
		{337FFB07-486F-4787-907A-76B0ADF6ED92}.Release|Any CPU.Build.0 = Release|Any CPU
		{3CF680DC-13D5-4118-A9F5-8856CB63366F}.Debug|Any CPU.ActiveCfg = Debug|Any CPU
		{3CF680DC-13D5-4118-A9F5-8856CB63366F}.Debug|Any CPU.Build.0 = Debug|Any CPU
		{3CF680DC-13D5-4118-A9F5-8856CB63366F}.Release|Any CPU.ActiveCfg = Release|Any CPU
		{3CF680DC-13D5-4118-A9F5-8856CB63366F}.Release|Any CPU.Build.0 = Release|Any CPU
	EndGlobalSection
	GlobalSection(SolutionProperties) = preSolution
		HideSolutionNode = FALSE
	EndGlobalSection
	GlobalSection(ExtensibilityGlobals) = postSolution
		SolutionGuid = {24C01C90-F387-42CD-9140-94CA3A402BF7}
	EndGlobalSection
EndGlobal
